<?xml version="1.0" encoding="utf-8"?>
<Project ToolsVersion="4.0" xmlns="http://schemas.microsoft.com/developer/msbuild/2003">
  <ItemGroup>
    <ClCompile Include="TestCode.cpp" />
  </ItemGroup>
  <ItemGroup>
    <ClInclude Include="json.hpp" />
    <ClInclude Include="rapidjson\allocators.h">
      <Filter>RapidJson</Filter>
    </ClInclude>
    <ClInclude Include="rapidjson\cursorstreamwrapper.h">
      <Filter>RapidJson</Filter>
    </ClInclude>
    <ClInclude Include="rapidjson\document.h">
      <Filter>RapidJson</Filter>
    </ClInclude>
    <ClInclude Include="rapidjson\encodedstream.h">
      <Filter>RapidJson</Filter>
    </ClInclude>
    <ClInclude Include="rapidjson\encodings.h">
      <Filter>RapidJson</Filter>
    </ClInclude>
    <ClInclude Include="rapidjson\filereadstream.h">
      <Filter>RapidJson</Filter>
    </ClInclude>
    <ClInclude Include="rapidjson\filewritestream.h">
      <Filter>RapidJson</Filter>
    </ClInclude>
    <ClInclude Include="rapidjson\fwd.h">
      <Filter>RapidJson</Filter>
    </ClInclude>
    <ClInclude Include="rapidjson\istreamwrapper.h">
      <Filter>RapidJson</Filter>
    </ClInclude>
    <ClInclude Include="rapidjson\memorybuffer.h">
      <Filter>RapidJson</Filter>
    </ClInclude>
    <ClInclude Include="rapidjson\memorystream.h">
      <Filter>RapidJson</Filter>
    </ClInclude>
    <ClInclude Include="rapidjson\ostreamwrapper.h">
      <Filter>RapidJson</Filter>
    </ClInclude>
    <ClInclude Include="rapidjson\pointer.h">
      <Filter>RapidJson</Filter>
    </ClInclude>
    <ClInclude Include="rapidjson\prettywriter.h">
      <Filter>RapidJson</Filter>
    </ClInclude>
    <ClInclude Include="rapidjson\rapidjson.h">
      <Filter>RapidJson</Filter>
    </ClInclude>
    <ClInclude Include="rapidjson\reader.h">
      <Filter>RapidJson</Filter>
    </ClInclude>
    <ClInclude Include="rapidjson\schema.h">
      <Filter>RapidJson</Filter>
    </ClInclude>
    <ClInclude Include="rapidjson\stream.h">
      <Filter>RapidJson</Filter>
    </ClInclude>
    <ClInclude Include="rapidjson\stringbuffer.h">
      <Filter>RapidJson</Filter>
    </ClInclude>
    <ClInclude Include="rapidjson\uri.h">
      <Filter>RapidJson</Filter>
    </ClInclude>
    <ClInclude Include="rapidjson\writer.h">
      <Filter>RapidJson</Filter>
    </ClInclude>
  </ItemGroup>
  <ItemGroup>
    <Filter Include="RapidJson">
      <UniqueIdentifier>{1863b490-0211-4892-8608-8ae7b9e3d94a}</UniqueIdentifier>
    </Filter>
  </ItemGroup>
</Project>